
Microsoft Visual Studio Solution File, Format Version 12.00
# Visual Studio Version 16
VisualStudioVersion = 16.0.31515.178
MinimumVisualStudioVersion = 10.0.40219.1
Project("{FAE04EC0-301F-11D3-BF4B-00C04F79EFBC}") = "BIMv2", "BIMv2\BIMv2.csproj", "{0C582ABC-C961-4E2D-8298-F1BCDEC21EB5}"
EndProject
Project("{FAE04EC0-301F-11D3-BF4B-00C04F79EFBC}") = "BIMv2Buttons", "BIMv2Buttons\BIMv2Buttons.csproj", "{80DEC13F-D466-4868-9BE3-B7E83ED2EDE3}"
EndProject
Global
	GlobalSection(SolutionConfigurationPlatforms) = preSolution
		Debug|Any CPU = Debug|Any CPU
		Release|Any CPU = Release|Any CPU
	EndGlobalSection
	GlobalSection(ProjectConfigurationPlatforms) = postSolution
		{0C582ABC-C961-4E2D-8298-F1BCDEC21EB5}.Debug|Any CPU.ActiveCfg = Debug|Any CPU
		{0C582ABC-C961-4E2D-8298-F1BCDEC21EB5}.Debug|Any CPU.Build.0 = Debug|Any CPU
		{0C582ABC-C961-4E2D-8298-F1BCDEC21EB5}.Release|Any CPU.ActiveCfg = Release|Any CPU
		{0C582ABC-C961-4E2D-8298-F1BCDEC21EB5}.Release|Any CPU.Build.0 = Release|Any CPU
		{80DEC13F-D466-4868-9BE3-B7E83ED2EDE3}.Debug|Any CPU.ActiveCfg = Debug|Any CPU
		{80DEC13F-D466-4868-9BE3-B7E83ED2EDE3}.Debug|Any CPU.Build.0 = Debug|Any CPU
		{80DEC13F-D466-4868-9BE3-B7E83ED2EDE3}.Release|Any CPU.ActiveCfg = Release|Any CPU
		{80DEC13F-D466-4868-9BE3-B7E83ED2EDE3}.Release|Any CPU.Build.0 = Release|Any CPU
	EndGlobalSection
	GlobalSection(SolutionProperties) = preSolution
		HideSolutionNode = FALSE
	EndGlobalSection
	GlobalSection(ExtensibilityGlobals) = postSolution
		SolutionGuid = {59A38871-C196-4380-A774-E1A21439E0FE}
	EndGlobalSection
EndGlobal
